
Microsoft Visual Studio Solution File, Format Version 12.00
# Visual Studio 14
VisualStudioVersion = 14.0.25420.1
MinimumVisualStudioVersion = 10.0.40219.1
Project("{8BB2217D-0F2D-49D1-97BC-3654ED321F3B}") = "StockInquiry", "src\StockInquiry\StockInquiry.xproj", "{C00C6549-3BFE-4E4F-B571-AB9ACE67A5DC}"
EndProject
Project("{8BB2217D-0F2D-49D1-97BC-3654ED321F3B}") = "StockInquiry.Tests", "tests\StockInquiry.Tests\StockInquiry.Tests.xproj", "{9D4E16B3-457F-4F26-AA6F-3BDAB193F6AF}"
EndProject
Project("{2150E333-8FDC-42A3-9474-1A3956D46DE8}") = "src", "src", "{A4672BBE-9D46-4CFB-9CBE-DB3D50542A7A}"
EndProject
Project("{2150E333-8FDC-42A3-9474-1A3956D46DE8}") = "tests", "tests", "{7880F9F4-6328-4E12-89CC-FDB6059896FA}"
EndProject
Project("{2150E333-8FDC-42A3-9474-1A3956D46DE8}") = "Solution Items", "Solution Items", "{63762B8F-F6A7-4F5F-A064-618D51B73B46}"
	ProjectSection(SolutionItems) = preProject
		global.json = global.json
	EndProjectSection
EndProject
Global
	GlobalSection(SolutionConfigurationPlatforms) = preSolution
		Debug|Any CPU = Debug|Any CPU
		Release|Any CPU = Release|Any CPU
	EndGlobalSection
	GlobalSection(ProjectConfigurationPlatforms) = postSolution
		{C00C6549-3BFE-4E4F-B571-AB9ACE67A5DC}.Debug|Any CPU.ActiveCfg = Debug|Any CPU
		{C00C6549-3BFE-4E4F-B571-AB9ACE67A5DC}.Debug|Any CPU.Build.0 = Debug|Any CPU
		{C00C6549-3BFE-4E4F-B571-AB9ACE67A5DC}.Release|Any CPU.ActiveCfg = Release|Any CPU
		{C00C6549-3BFE-4E4F-B571-AB9ACE67A5DC}.Release|Any CPU.Build.0 = Release|Any CPU
		{9D4E16B3-457F-4F26-AA6F-3BDAB193F6AF}.Debug|Any CPU.ActiveCfg = Debug|Any CPU
		{9D4E16B3-457F-4F26-AA6F-3BDAB193F6AF}.Debug|Any CPU.Build.0 = Debug|Any CPU
		{9D4E16B3-457F-4F26-AA6F-3BDAB193F6AF}.Release|Any CPU.ActiveCfg = Release|Any CPU
		{9D4E16B3-457F-4F26-AA6F-3BDAB193F6AF}.Release|Any CPU.Build.0 = Release|Any CPU
	EndGlobalSection
	GlobalSection(SolutionProperties) = preSolution
		HideSolutionNode = FALSE
	EndGlobalSection
	GlobalSection(NestedProjects) = preSolution
		{C00C6549-3BFE-4E4F-B571-AB9ACE67A5DC} = {A4672BBE-9D46-4CFB-9CBE-DB3D50542A7A}
		{9D4E16B3-457F-4F26-AA6F-3BDAB193F6AF} = {7880F9F4-6328-4E12-89CC-FDB6059896FA}
	EndGlobalSection
EndGlobal
